{
  "name": "Dabba-eats-driver-app-v1",
  "lockfileVersion": 3,
  "requires": true,
  "packages": {
    "": {
      "dependencies": {
        "create-react-native-app": "^4.0.0",
        "install": "^0.13.0"
      }
    },
    "node_modules/create-react-native-app": {
      "version": "4.0.0",
      "resolved": "https://registry.npmjs.org/create-react-native-app/-/create-react-native-app-4.0.0.tgz",
      "integrity": "sha512-YRDkUIC0goqudxbBoSScj7rID1yVPKeRXAQGxasC3cLOk6Z1f7zZ1ZUrVLaLaQYjLwmLxCbkxzZpNGr9wnnY/Q==",
      "license": "BSD-3-Clause",
      "bin": {
        "create-react-native-app": "build/index.js"
      }
    },
    "node_modules/install": {
      "version": "0.13.0",
      "resolved": "https://registry.npmjs.org/install/-/install-0.13.0.tgz",
      "integrity": "sha512-zDml/jzr2PKU9I8J/xyZBQn8rPCAY//UOYNmR01XwNwyfhEWObo2SWfSl1+0tm1u6PhxLwDnfsT/6jB7OUxqFA==",
      "license": "MIT",
      "engines": {
        "node": ">= 0.10"
      }
    }
  }
}
